Microsoft Visual Studio Solution File, Format Version 11.00
# Visual Studio 2008

Project("{4ACA65FE-0FC4-5D4E-F265-888F62726B0B}") = "BurritoBandit", "Assembly-CSharp-firstpass.csproj", "{8424117C-1153-BADA-40C8-9B5703D91D07}"
EndProject
Project("{4ACA65FE-0FC4-5D4E-F265-888F62726B0B}") = "BurritoBandit", "Assembly-CSharp.csproj", "{08567A08-F91A-5345-B209-CB69ACE167B9}"
EndProject
Project("{4ACA65FE-0FC4-5D4E-F265-888F62726B0B}") = "BurritoBandit", "Assembly-CSharp-Editor-firstpass.csproj", "{D096284B-A38A-B750-4D4D-6CA54FC67F6B}"
EndProject
Global
	GlobalSection(SolutionConfigurationPlatforms) = preSolution
		Debug|Any CPU = Debug|Any CPU
		Release|Any CPU = Release|Any CPU
	EndGlobalSection
	GlobalSection(ProjectConfigurationPlatforms) = postSolution
		{8424117C-1153-BADA-40C8-9B5703D91D07}.Debug|Any CPU.ActiveCfg = Debug|Any CPU
		{8424117C-1153-BADA-40C8-9B5703D91D07}.Debug|Any CPU.Build.0 = Debug|Any CPU
		{8424117C-1153-BADA-40C8-9B5703D91D07}.Release|Any CPU.ActiveCfg = Release|Any CPU
		{8424117C-1153-BADA-40C8-9B5703D91D07}.Release|Any CPU.Build.0 = Release|Any CPU
		{08567A08-F91A-5345-B209-CB69ACE167B9}.Debug|Any CPU.ActiveCfg = Debug|Any CPU
		{08567A08-F91A-5345-B209-CB69ACE167B9}.Debug|Any CPU.Build.0 = Debug|Any CPU
		{08567A08-F91A-5345-B209-CB69ACE167B9}.Release|Any CPU.ActiveCfg = Release|Any CPU
		{08567A08-F91A-5345-B209-CB69ACE167B9}.Release|Any CPU.Build.0 = Release|Any CPU
		{D096284B-A38A-B750-4D4D-6CA54FC67F6B}.Debug|Any CPU.ActiveCfg = Debug|Any CPU
		{D096284B-A38A-B750-4D4D-6CA54FC67F6B}.Debug|Any CPU.Build.0 = Debug|Any CPU
		{D096284B-A38A-B750-4D4D-6CA54FC67F6B}.Release|Any CPU.ActiveCfg = Release|Any CPU
		{D096284B-A38A-B750-4D4D-6CA54FC67F6B}.Release|Any CPU.Build.0 = Release|Any CPU
	EndGlobalSection
	GlobalSection(SolutionProperties) = preSolution
		HideSolutionNode = FALSE
	EndGlobalSection
	GlobalSection(MonoDevelopProperties) = preSolution
		StartupItem = Assembly-CSharp.csproj
	EndGlobalSection
EndGlobal
