
Microsoft Visual Studio Solution File, Format Version 12.00
# Visual Studio 2015
Project("{FAE04EC0-301F-11D3-BF4B-00C04F79EFBC}") = "ufl.cap5705.terrain.Plugins", "ufl.cap5705.terrain.Plugins.csproj", "{808A0582-AAD4-BCDD-5D22-CECD0D2FBC9A}"
EndProject
Project("{FAE04EC0-301F-11D3-BF4B-00C04F79EFBC}") = "ufl.cap5705.terrain", "ufl.cap5705.terrain.csproj", "{3671A852-6219-1246-DA71-BDA311FDD2F6}"
EndProject
Project("{FAE04EC0-301F-11D3-BF4B-00C04F79EFBC}") = "ufl.cap5705.terrain.Editor.Plugins", "ufl.cap5705.terrain.Editor.Plugins.csproj", "{F189C01F-86CF-4AB0-7157-9F7B7E691C12}"
EndProject
Global
	GlobalSection(SolutionConfigurationPlatforms) = preSolution
		Debug|Any CPU = Debug|Any CPU
		Release|Any CPU = Release|Any CPU
	EndGlobalSection
	GlobalSection(ProjectConfigurationPlatforms) = postSolution
		{808A0582-AAD4-BCDD-5D22-CECD0D2FBC9A}.Debug|Any CPU.ActiveCfg = Debug|Any CPU
		{808A0582-AAD4-BCDD-5D22-CECD0D2FBC9A}.Debug|Any CPU.Build.0 = Debug|Any CPU
		{808A0582-AAD4-BCDD-5D22-CECD0D2FBC9A}.Release|Any CPU.ActiveCfg = Release|Any CPU
		{808A0582-AAD4-BCDD-5D22-CECD0D2FBC9A}.Release|Any CPU.Build.0 = Release|Any CPU
		{3671A852-6219-1246-DA71-BDA311FDD2F6}.Debug|Any CPU.ActiveCfg = Debug|Any CPU
		{3671A852-6219-1246-DA71-BDA311FDD2F6}.Debug|Any CPU.Build.0 = Debug|Any CPU
		{3671A852-6219-1246-DA71-BDA311FDD2F6}.Release|Any CPU.ActiveCfg = Release|Any CPU
		{3671A852-6219-1246-DA71-BDA311FDD2F6}.Release|Any CPU.Build.0 = Release|Any CPU
		{F189C01F-86CF-4AB0-7157-9F7B7E691C12}.Debug|Any CPU.ActiveCfg = Debug|Any CPU
		{F189C01F-86CF-4AB0-7157-9F7B7E691C12}.Debug|Any CPU.Build.0 = Debug|Any CPU
		{F189C01F-86CF-4AB0-7157-9F7B7E691C12}.Release|Any CPU.ActiveCfg = Release|Any CPU
		{F189C01F-86CF-4AB0-7157-9F7B7E691C12}.Release|Any CPU.Build.0 = Release|Any CPU
	EndGlobalSection
	GlobalSection(SolutionProperties) = preSolution
		HideSolutionNode = FALSE
	EndGlobalSection
EndGlobal
